
Microsoft Visual Studio Solution File, Format Version 12.00
# Visual Studio 15
Project("{FAE04EC0-301F-11D3-BF4B-00C04F79EFBC}") = "Assembly-CSharp", "Assembly-CSharp.csproj", "{1D76BB53-645E-1772-8D14-EB9FF3BD7580}"
EndProject
Project("{FAE04EC0-301F-11D3-BF4B-00C04F79EFBC}") = "Assembly-CSharp-Editor", "Assembly-CSharp-Editor.csproj", "{BB1A89E2-F513-70B8-4AE6-3842361DD21B}"
EndProject
Global
	GlobalSection(SolutionConfigurationPlatforms) = preSolution
		Debug|Any CPU = Debug|Any CPU
		Release|Any CPU = Release|Any CPU
	EndGlobalSection
	GlobalSection(ProjectConfigurationPlatforms) = postSolution
		{1D76BB53-645E-1772-8D14-EB9FF3BD7580}.Debug|Any CPU.ActiveCfg = Debug|Any CPU
		{1D76BB53-645E-1772-8D14-EB9FF3BD7580}.Debug|Any CPU.Build.0 = Debug|Any CPU
		{1D76BB53-645E-1772-8D14-EB9FF3BD7580}.Release|Any CPU.ActiveCfg = Release|Any CPU
		{1D76BB53-645E-1772-8D14-EB9FF3BD7580}.Release|Any CPU.Build.0 = Release|Any CPU
		{BB1A89E2-F513-70B8-4AE6-3842361DD21B}.Debug|Any CPU.ActiveCfg = Debug|Any CPU
		{BB1A89E2-F513-70B8-4AE6-3842361DD21B}.Debug|Any CPU.Build.0 = Debug|Any CPU
		{BB1A89E2-F513-70B8-4AE6-3842361DD21B}.Release|Any CPU.ActiveCfg = Release|Any CPU
		{BB1A89E2-F513-70B8-4AE6-3842361DD21B}.Release|Any CPU.Build.0 = Release|Any CPU
	EndGlobalSection
	GlobalSection(SolutionProperties) = preSolution
		HideSolutionNode = FALSE
	EndGlobalSection
EndGlobal
